
Microsoft Visual Studio Solution File, Format Version 12.00
# Visual Studio Version 17
VisualStudioVersion = 17.12.35728.132 d17.12
MinimumVisualStudioVersion = 10.0.40219.1
Project("{FAE04EC0-301F-11D3-BF4B-00C04F79EFBC}") = "MovieSoftware", "MovieSoftware.csproj", "{F2C462E9-E1FA-4B2A-8872-B21010C77C92}"
EndProject
Project("{54435603-DBB4-11D2-8724-00A0C9A8B90C}") = "Movie Organiser 2000 Professional Edition Installer", "..\Movie Organiser 2000 Professional Edition Installer\Movie Organiser 2000 Professional Edition Installer.vdproj", "{2581F8BF-5B21-4B70-96DB-1654A9CC8255}"
EndProject
Global
	GlobalSection(SolutionConfigurationPlatforms) = preSolution
		Debug|Any CPU = Debug|Any CPU
		Release|Any CPU = Release|Any CPU
	EndGlobalSection
	GlobalSection(ProjectConfigurationPlatforms) = postSolution
		{F2C462E9-E1FA-4B2A-8872-B21010C77C92}.Debug|Any CPU.ActiveCfg = Debug|Any CPU
		{F2C462E9-E1FA-4B2A-8872-B21010C77C92}.Debug|Any CPU.Build.0 = Debug|Any CPU
		{F2C462E9-E1FA-4B2A-8872-B21010C77C92}.Release|Any CPU.ActiveCfg = Release|Any CPU
		{F2C462E9-E1FA-4B2A-8872-B21010C77C92}.Release|Any CPU.Build.0 = Release|Any CPU
		{2581F8BF-5B21-4B70-96DB-1654A9CC8255}.Debug|Any CPU.ActiveCfg = Debug
		{2581F8BF-5B21-4B70-96DB-1654A9CC8255}.Release|Any CPU.ActiveCfg = Release
	EndGlobalSection
	GlobalSection(SolutionProperties) = preSolution
		HideSolutionNode = FALSE
	EndGlobalSection
EndGlobal
